// !$*UTF8*$!
{
	archiveVersion = 1;
	classes = {
	};
	objectVersion = 46;
	objects = {

/* Begin PBXBuildFile section */
		B70309A0F13457B0545193C8 /* Pods_Desk_UI_2_0Tests.framework in Frameworks */ = {isa = PBXBuildFile; fileRef = A0E39E0D468E70135F5D9CB6 /* Pods_Desk_UI_2_0Tests.framework */; };
		D9B7A4192744457FFB833D63 /* Pods_Desk_UI_2_0.framework in Frameworks */ = {isa = PBXBuildFile; fileRef = E4013FA6E594D4D52D0E2060 /* Pods_Desk_UI_2_0.framework */; };
		DEB55FE81F53306B00C97268 /* AppDelegate.swift in Sources */ = {isa = PBXBuildFile; fileRef = DEB55FE71F53306B00C97268 /* AppDelegate.swift */; };
		DEB55FEA1F53306B00C97268 /* ViewController.swift in Sources */ = {isa = PBXBuildFile; fileRef = DEB55FE91F53306B00C97268 /* ViewController.swift */; };
		DEB55FED1F53306B00C97268 /* Main.storyboard in Resources */ = {isa = PBXBuildFile; fileRef = DEB55FEB1F53306B00C97268 /* Main.storyboard */; };
		DEB55FEF1F53306B00C97268 /* Assets.xcassets in Resources */ = {isa = PBXBuildFile; fileRef = DEB55FEE1F53306B00C97268 /* Assets.xcassets */; };
		DEB55FF21F53306B00C97268 /* LaunchScreen.storyboard in Resources */ = {isa = PBXBuildFile; fileRef = DEB55FF01F53306B00C97268 /* LaunchScreen.storyboard */; };
		DEB55FFD1F53306C00C97268 /* Desk_UI_2_0Tests.swift in Sources */ = {isa = PBXBuildFile; fileRef = DEB55FFC1F53306C00C97268 /* Desk_UI_2_0Tests.swift */; };
		DEB560081F53306C00C97268 /* Desk_UI_2_0UITests.swift in Sources */ = {isa = PBXBuildFile; fileRef = DEB560071F53306C00C97268 /* Desk_UI_2_0UITests.swift */; };
		DEF7B79E1F533118002C83F6 /* Reusable.swift in Sources */ = {isa = PBXBuildFile; fileRef = DEF7B79D1F533118002C83F6 /* Reusable.swift */; };
		DEF7B7A11F5331EC002C83F6 /* CustomCell.swift in Sources */ = {isa = PBXBuildFile; fileRef = DEF7B7A01F5331EC002C83F6 /* CustomCell.swift */; };
		DEF7B7A31F533287002C83F6 /* CustomHeader.swift in Sources */ = {isa = PBXBuildFile; fileRef = DEF7B7A21F533287002C83F6 /* CustomHeader.swift */; };
		DEF7B7A51F533C6B002C83F6 /* TabViewController.swift in Sources */ = {isa = PBXBuildFile; fileRef = DEF7B7A41F533C6A002C83F6 /* TabViewController.swift */; };
		F71497846EBF17BE3A7953A4 /* Pods_Desk_UI_2_0UITests.framework in Frameworks */ = {isa = PBXBuildFile; fileRef = EB32F5601AB2C3348D1D38A8 /* Pods_Desk_UI_2_0UITests.framework */; };
/* End PBXBuildFile section */

/* Begin PBXContainerItemProxy section */
		DEB55FF91F53306C00C97268 /* PBXContainerItemProxy */ = {
			isa = PBXContainerItemProxy;
			containerPortal = DEB55FDC1F53306B00C97268 /* Project object */;
			proxyType = 1;
			remoteGlobalIDString = DEB55FE31F53306B00C97268;
			remoteInfo = "Desk UI 2.0";
		};
		DEB560041F53306C00C97268 /* PBXContainerItemProxy */ = {
			isa = PBXContainerItemProxy;
			containerPortal = DEB55FDC1F53306B00C97268 /* Project object */;
			proxyType = 1;
			remoteGlobalIDString = DEB55FE31F53306B00C97268;
			remoteInfo = "Desk UI 2.0";
		};
/* End PBXContainerItemProxy section */

/* Begin PBXFileReference section */
		055F87114AD5E7402CBC597F /* Pods-Desk UI 2.0UITests.debug.xcconfig */ = {isa = PBXFileReference; includeInIndex = 1; lastKnownFileType = text.xcconfig; name = "Pods-Desk UI 2.0UITests.debug.xcconfig"; path = "Pods/Target Support Files/Pods-Desk UI 2.0UITests/Pods-Desk UI 2.0UITests.debug.xcconfig"; sourceTree = "<group>"; };
		079669E8BCBAB7D97E5DC845 /* Pods-Desk UI 2.0UITests.release.xcconfig */ = {isa = PBXFileReference; includeInIndex = 1; lastKnownFileType = text.xcconfig; name = "Pods-Desk UI 2.0UITests.release.xcconfig"; path = "Pods/Target Support Files/Pods-Desk UI 2.0UITests/Pods-Desk UI 2.0UITests.release.xcconfig"; sourceTree = "<group>"; };
		2A07991F657C0E80A3CEC745 /* Pods-Desk UI 2.0.release.xcconfig */ = {isa = PBXFileReference; includeInIndex = 1; lastKnownFileType = text.xcconfig; name = "Pods-Desk UI 2.0.release.xcconfig"; path = "Pods/Target Support Files/Pods-Desk UI 2.0/Pods-Desk UI 2.0.release.xcconfig"; sourceTree = "<group>"; };
		7B752FE5538DC4C8CCBF5AD4 /* Pods-Desk UI 2.0Tests.debug.xcconfig */ = {isa = PBXFileReference; includeInIndex = 1; lastKnownFileType = text.xcconfig; name = "Pods-Desk UI 2.0Tests.debug.xcconfig"; path = "Pods/Target Support Files/Pods-Desk UI 2.0Tests/Pods-Desk UI 2.0Tests.debug.xcconfig"; sourceTree = "<group>"; };
		9FA165AA029504702297062E /* Pods-Desk UI 2.0.debug.xcconfig */ = {isa = PBXFileReference; includeInIndex = 1; lastKnownFileType = text.xcconfig; name = "Pods-Desk UI 2.0.debug.xcconfig"; path = "Pods/Target Support Files/Pods-Desk UI 2.0/Pods-Desk UI 2.0.debug.xcconfig"; sourceTree = "<group>"; };
		A0E39E0D468E70135F5D9CB6 /* Pods_Desk_UI_2_0Tests.framework */ = {isa = PBXFileReference; explicitFileType = wrapper.framework; includeInIndex = 0; path = Pods_Desk_UI_2_0Tests.framework; sourceTree = BUILT_PRODUCTS_DIR; };
		DC0BC4F9B3D42D69B8D55618 /* Pods-Desk UI 2.0Tests.release.xcconfig */ = {isa = PBXFileReference; includeInIndex = 1; lastKnownFileType = text.xcconfig; name = "Pods-Desk UI 2.0Tests.release.xcconfig"; path = "Pods/Target Support Files/Pods-Desk UI 2.0Tests/Pods-Desk UI 2.0Tests.release.xcconfig"; sourceTree = "<group>"; };
		DEB55FE41F53306B00C97268 /* Desk UI 2.0.app */ = {isa = PBXFileReference; explicitFileType = wrapper.application; includeInIndex = 0; path = "Desk UI 2.0.app"; sourceTree = BUILT_PRODUCTS_DIR; };
		DEB55FE71F53306B00C97268 /* AppDelegate.swift */ = {isa = PBXFileReference; lastKnownFileType = sourcecode.swift; path = AppDelegate.swift; sourceTree = "<group>"; };
		DEB55FE91F53306B00C97268 /* ViewController.swift */ = {isa = PBXFileReference; lastKnownFileType = sourcecode.swift; path = ViewController.swift; sourceTree = "<group>"; };
		DEB55FEC1F53306B00C97268 /* Base */ = {isa = PBXFileReference; lastKnownFileType = file.storyboard; name = Base; path = Base.lproj/Main.storyboard; sourceTree = "<group>"; };
		DEB55FEE1F53306B00C97268 /* Assets.xcassets */ = {isa = PBXFileReference; lastKnownFileType = folder.assetcatalog; path = Assets.xcassets; sourceTree = "<group>"; };
		DEB55FF11F53306B00C97268 /* Base */ = {isa = PBXFileReference; lastKnownFileType = file.storyboard; name = Base; path = Base.lproj/LaunchScreen.storyboard; sourceTree = "<group>"; };
		DEB55FF31F53306B00C97268 /* Info.plist */ = {isa = PBXFileReference; lastKnownFileType = text.plist.xml; path = Info.plist; sourceTree = "<group>"; };
		DEB55FF81F53306C00C97268 /* Desk UI 2.0Tests.xctest */ = {isa = PBXFileReference; explicitFileType = wrapper.cfbundle; includeInIndex = 0; path = "Desk UI 2.0Tests.xctest"; sourceTree = BUILT_PRODUCTS_DIR; };
		DEB55FFC1F53306C00C97268 /* Desk_UI_2_0Tests.swift */ = {isa = PBXFileReference; lastKnownFileType = sourcecode.swift; path = Desk_UI_2_0Tests.swift; sourceTree = "<group>"; };
		DEB55FFE1F53306C00C97268 /* Info.plist */ = {isa = PBXFileReference; lastKnownFileType = text.plist.xml; path = Info.plist; sourceTree = "<group>"; };
		DEB560031F53306C00C97268 /* Desk UI 2.0UITests.xctest */ = {isa = PBXFileReference; explicitFileType = wrapper.cfbundle; includeInIndex = 0; path = "Desk UI 2.0UITests.xctest"; sourceTree = BUILT_PRODUCTS_DIR; };
		DEB560071F53306C00C97268 /* Desk_UI_2_0UITests.swift */ = {isa = PBXFileReference; lastKnownFileType = sourcecode.swift; path = Desk_UI_2_0UITests.swift; sourceTree = "<group>"; };
		DEB560091F53306C00C97268 /* Info.plist */ = {isa = PBXFileReference; lastKnownFileType = text.plist.xml; path = Info.plist; sourceTree = "<group>"; };
		DEF7B79D1F533118002C83F6 /* Reusable.swift */ = {isa = PBXFileReference; lastKnownFileType = sourcecode.swift; path = Reusable.swift; sourceTree = "<group>"; };
		DEF7B7A01F5331EC002C83F6 /* CustomCell.swift */ = {isa = PBXFileReference; lastKnownFileType = sourcecode.swift; path = CustomCell.swift; sourceTree = "<group>"; };
		DEF7B7A21F533287002C83F6 /* CustomHeader.swift */ = {isa = PBXFileReference; lastKnownFileType = sourcecode.swift; path = CustomHeader.swift; sourceTree = "<group>"; };
		DEF7B7A41F533C6A002C83F6 /* TabViewController.swift */ = {isa = PBXFileReference; lastKnownFileType = sourcecode.swift; path = TabViewController.swift; sourceTree = "<group>"; };
		E4013FA6E594D4D52D0E2060 /* Pods_Desk_UI_2_0.framework */ = {isa = PBXFileReference; explicitFileType = wrapper.framework; includeInIndex = 0; path = Pods_Desk_UI_2_0.framework; sourceTree = BUILT_PRODUCTS_DIR; };
		EB32F5601AB2C3348D1D38A8 /* Pods_Desk_UI_2_0UITests.framework */ = {isa = PBXFileReference; explicitFileType = wrapper.framework; includeInIndex = 0; path = Pods_Desk_UI_2_0UITests.framework; sourceTree = BUILT_PRODUCTS_DIR; };
/* End PBXFileReference section */

/* Begin PBXFrameworksBuildPhase section */
		DEB55FE11F53306B00C97268 /* Frameworks */ = {
			isa = PBXFrameworksBuildPhase;
			buildActionMask = 2147483647;
			files = (
				D9B7A4192744457FFB833D63 /* Pods_Desk_UI_2_0.framework in Frameworks */,
			);
			runOnlyForDeploymentPostprocessing = 0;
		};
		DEB55FF51F53306C00C97268 /* Frameworks */ = {
			isa = PBXFrameworksBuildPhase;
			buildActionMask = 2147483647;
			files = (
				B70309A0F13457B0545193C8 /* Pods_Desk_UI_2_0Tests.framework in Frameworks */,
			);
			runOnlyForDeploymentPostprocessing = 0;
		};
		DEB560001F53306C00C97268 /* Frameworks */ = {
			isa = PBXFrameworksBuildPhase;
			buildActionMask = 2147483647;
			files = (
				F71497846EBF17BE3A7953A4 /* Pods_Desk_UI_2_0UITests.framework in Frameworks */,
			);
			runOnlyForDeploymentPostprocessing = 0;
		};
/* End PBXFrameworksBuildPhase section */

/* Begin PBXGroup section */
		A160A3696A15F871BDABD645 /* Pods */ = {
			isa = PBXGroup;
			children = (
				9FA165AA029504702297062E /* Pods-Desk UI 2.0.debug.xcconfig */,
				2A07991F657C0E80A3CEC745 /* Pods-Desk UI 2.0.release.xcconfig */,
				7B752FE5538DC4C8CCBF5AD4 /* Pods-Desk UI 2.0Tests.debug.xcconfig */,
				DC0BC4F9B3D42D69B8D55618 /* Pods-Desk UI 2.0Tests.release.xcconfig */,
				055F87114AD5E7402CBC597F /* Pods-Desk UI 2.0UITests.debug.xcconfig */,
				079669E8BCBAB7D97E5DC845 /* Pods-Desk UI 2.0UITests.release.xcconfig */,
			);
			name = Pods;
			sourceTree = "<group>";
		};
		AEC4CB98CFAB9FB8CE88844F /* Frameworks */ = {
			isa = PBXGroup;
			children = (
				E4013FA6E594D4D52D0E2060 /* Pods_Desk_UI_2_0.framework */,
				A0E39E0D468E70135F5D9CB6 /* Pods_Desk_UI_2_0Tests.framework */,
				EB32F5601AB2C3348D1D38A8 /* Pods_Desk_UI_2_0UITests.framework */,
			);
			name = Frameworks;
			sourceTree = "<group>";
		};
		DEB55FDB1F53306B00C97268 = {
			isa = PBXGroup;
			children = (
				DEF7B79B1F5330FC002C83F6 /* vcs */,
				DEF7B79C1F53310B002C83F6 /* Tools */,
				DEF7B79F1F5331D5002C83F6 /* Custom Stuff */,
				DEB55FE61F53306B00C97268 /* Desk UI 2.0 */,
				DEB55FFB1F53306C00C97268 /* Desk UI 2.0Tests */,
				DEB560061F53306C00C97268 /* Desk UI 2.0UITests */,
				DEB55FE51F53306B00C97268 /* Products */,
				A160A3696A15F871BDABD645 /* Pods */,
				AEC4CB98CFAB9FB8CE88844F /* Frameworks */,
			);
			sourceTree = "<group>";
		};
		DEB55FE51F53306B00C97268 /* Products */ = {
			isa = PBXGroup;
			children = (
				DEB55FE41F53306B00C97268 /* Desk UI 2.0.app */,
				DEB55FF81F53306C00C97268 /* Desk UI 2.0Tests.xctest */,
				DEB560031F53306C00C97268 /* Desk UI 2.0UITests.xctest */,
			);
			name = Products;
			sourceTree = "<group>";
		};
		DEB55FE61F53306B00C97268 /* Desk UI 2.0 */ = {
			isa = PBXGroup;
			children = (
				DEB55FE71F53306B00C97268 /* AppDelegate.swift */,
				DEB55FEB1F53306B00C97268 /* Main.storyboard */,
				DEB55FEE1F53306B00C97268 /* Assets.xcassets */,
				DEB55FF01F53306B00C97268 /* LaunchScreen.storyboard */,
				DEB55FF31F53306B00C97268 /* Info.plist */,
			);
			path = "Desk UI 2.0";
			sourceTree = "<group>";
		};
		DEB55FFB1F53306C00C97268 /* Desk UI 2.0Tests */ = {
			isa = PBXGroup;
			children = (
				DEB55FFC1F53306C00C97268 /* Desk_UI_2_0Tests.swift */,
				DEB55FFE1F53306C00C97268 /* Info.plist */,
			);
			path = "Desk UI 2.0Tests";
			sourceTree = "<group>";
		};
		DEB560061F53306C00C97268 /* Desk UI 2.0UITests */ = {
			isa = PBXGroup;
			children = (
				DEB560071F53306C00C97268 /* Desk_UI_2_0UITests.swift */,
				DEB560091F53306C00C97268 /* Info.plist */,
			);
			path = "Desk UI 2.0UITests";
			sourceTree = "<group>";
		};
		DEF7B79B1F5330FC002C83F6 /* vcs */ = {
			isa = PBXGroup;
			children = (
				DEB55FE91F53306B00C97268 /* ViewController.swift */,
				DEF7B7A41F533C6A002C83F6 /* TabViewController.swift */,
			);
			path = vcs;
			sourceTree = "<group>";
		};
		DEF7B79C1F53310B002C83F6 /* Tools */ = {
			isa = PBXGroup;
			children = (
				DEF7B79D1F533118002C83F6 /* Reusable.swift */,
			);
			path = Tools;
			sourceTree = "<group>";
		};
		DEF7B79F1F5331D5002C83F6 /* Custom Stuff */ = {
			isa = PBXGroup;
			children = (
				DEF7B7A01F5331EC002C83F6 /* CustomCell.swift */,
				DEF7B7A21F533287002C83F6 /* CustomHeader.swift */,
			);
			path = "Custom Stuff";
			sourceTree = "<group>";
		};
/* End PBXGroup section */

/* Begin PBXNativeTarget section */
		DEB55FE31F53306B00C97268 /* Desk UI 2.0 */ = {
			isa = PBXNativeTarget;
			buildConfigurationList = DEB5600C1F53306C00C97268 /* Build configuration list for PBXNativeTarget "Desk UI 2.0" */;
			buildPhases = (
				9D5C30A40D3451DE1BAD9FDC /* [CP] Check Pods Manifest.lock */,
				DEB55FE01F53306B00C97268 /* Sources */,
				DEB55FE11F53306B00C97268 /* Frameworks */,
				DEB55FE21F53306B00C97268 /* Resources */,
				0973298E922950DDEB76DA7E /* [CP] Embed Pods Frameworks */,
				9F6BAFA66DB2ACDFEF866E2D /* [CP] Copy Pods Resources */,
			);
			buildRules = (
			);
			dependencies = (
			);
			name = "Desk UI 2.0";
			productName = "Desk UI 2.0";
			productReference = DEB55FE41F53306B00C97268 /* Desk UI 2.0.app */;
			productType = "com.apple.product-type.application";
		};
		DEB55FF71F53306C00C97268 /* Desk UI 2.0Tests */ = {
			isa = PBXNativeTarget;
			buildConfigurationList = DEB5600F1F53306C00C97268 /* Build configuration list for PBXNativeTarget "Desk UI 2.0Tests" */;
			buildPhases = (
				C5EB99B89222FC367956FE44 /* [CP] Check Pods Manifest.lock */,
				DEB55FF41F53306C00C97268 /* Sources */,
				DEB55FF51F53306C00C97268 /* Frameworks */,
				DEB55FF61F53306C00C97268 /* Resources */,
				DB74FF472B8EA06F7C0A1D42 /* [CP] Embed Pods Frameworks */,
				BEB33B123CE67395B352B5F8 /* [CP] Copy Pods Resources */,
			);
			buildRules = (
			);
			dependencies = (
				DEB55FFA1F53306C00C97268 /* PBXTargetDependency */,
			);
			name = "Desk UI 2.0Tests";
			productName = "Desk UI 2.0Tests";
			productReference = DEB55FF81F53306C00C97268 /* Desk UI 2.0Tests.xctest */;
			productType = "com.apple.product-type.bundle.unit-test";
		};
		DEB560021F53306C00C97268 /* Desk UI 2.0UITests */ = {
			isa = PBXNativeTarget;
			buildConfigurationList = DEB560121F53306C00C97268 /* Build configuration list for PBXNativeTarget "Desk UI 2.0UITests" */;
			buildPhases = (
				8D37EF46AE5DAE930685B32F /* [CP] Check Pods Manifest.lock */,
				DEB55FFF1F53306C00C97268 /* Sources */,
				DEB560001F53306C00C97268 /* Frameworks */,
				DEB560011F53306C00C97268 /* Resources */,
				CC3601D15B76C1A88FF002E4 /* [CP] Embed Pods Frameworks */,
				FA3050EA919485BD76B2D169 /* [CP] Copy Pods Resources */,
			);
			buildRules = (
			);
			dependencies = (
				DEB560051F53306C00C97268 /* PBXTargetDependency */,
			);
			name = "Desk UI 2.0UITests";
			productName = "Desk UI 2.0UITests";
			productReference = DEB560031F53306C00C97268 /* Desk UI 2.0UITests.xctest */;
			productType = "com.apple.product-type.bundle.ui-testing";
		};
/* End PBXNativeTarget section */

/* Begin PBXProject section */
		DEB55FDC1F53306B00C97268 /* Project object */ = {
			isa = PBXProject;
			attributes = {
				LastSwiftUpdateCheck = 0830;
				LastUpgradeCheck = 0830;
				ORGANIZATIONNAME = webarch;
				TargetAttributes = {
					DEB55FE31F53306B00C97268 = {
						CreatedOnToolsVersion = 8.3.3;
						DevelopmentTeam = QH78WYZE35;
						ProvisioningStyle = Automatic;
					};
					DEB55FF71F53306C00C97268 = {
						CreatedOnToolsVersion = 8.3.3;
						DevelopmentTeam = QH78WYZE35;
						ProvisioningStyle = Automatic;
						TestTargetID = DEB55FE31F53306B00C97268;
					};
					DEB560021F53306C00C97268 = {
						CreatedOnToolsVersion = 8.3.3;
						DevelopmentTeam = QH78WYZE35;
						ProvisioningStyle = Automatic;
						TestTargetID = DEB55FE31F53306B00C97268;
					};
				};
			};
			buildConfigurationList = DEB55FDF1F53306B00C97268 /* Build configuration list for PBXProject "Desk UI 2.0" */;
			compatibilityVersion = "Xcode 3.2";
			developmentRegion = English;
			hasScannedForEncodings = 0;
			knownRegions = (
				en,
				Base,
			);
			mainGroup = DEB55FDB1F53306B00C97268;
			productRefGroup = DEB55FE51F53306B00C97268 /* Products */;
			projectDirPath = "";
			projectRoot = "";
			targets = (
				DEB55FE31F53306B00C97268 /* Desk UI 2.0 */,
				DEB55FF71F53306C00C97268 /* Desk UI 2.0Tests */,
				DEB560021F53306C00C97268 /* Desk UI 2.0UITests */,
			);
		};
/* End PBXProject section */

/* Begin PBXResourcesBuildPhase section */
		DEB55FE21F53306B00C97268 /* Resources */ = {
			isa = PBXResourcesBuildPhase;
			buildActionMask = 2147483647;
			files = (
				DEB55FF21F53306B00C97268 /* LaunchScreen.storyboard in Resources */,
				DEB55FEF1F53306B00C97268 /* Assets.xcassets in Resources */,
				DEB55FED1F53306B00C97268 /* Main.storyboard in Resources */,
			);
			runOnlyForDeploymentPostprocessing = 0;
		};
		DEB55FF61F53306C00C97268 /* Resources */ = {
			isa = PBXResourcesBuildPhase;
			buildActionMask = 2147483647;
			files = (
			);
			runOnlyForDeploymentPostprocessing = 0;
		};
		DEB560011F53306C00C97268 /* Resources */ = {
			isa = PBXResourcesBuildPhase;
			buildActionMask = 2147483647;
			files = (
			);
			runOnlyForDeploymentPostprocessing = 0;
		};
/* End PBXResourcesBuildPhase section */

/* Begin PBXShellScriptBuildPhase section */
		0973298E922950DDEB76DA7E /* [CP] Embed Pods Frameworks */ = {
			isa = PBXShellScriptBuildPhase;
			buildActionMask = 2147483647;
			files = (
			);
			inputPaths = (
			);
			name = "[CP] Embed Pods Frameworks";
			outputPaths = (
			);
			runOnlyForDeploymentPostprocessing = 0;
			shellPath = /bin/sh;
			shellScript = "\"${SRCROOT}/Pods/Target Support Files/Pods-Desk UI 2.0/Pods-Desk UI 2.0-frameworks.sh\"\n";
			showEnvVarsInLog = 0;
		};
		8D37EF46AE5DAE930685B32F /* [CP] Check Pods Manifest.lock */ = {
			isa = PBXShellScriptBuildPhase;
			buildActionMask = 2147483647;
			files = (
			);
			inputPaths = (
			);
			name = "[CP] Check Pods Manifest.lock";
			outputPaths = (
			);
			runOnlyForDeploymentPostprocessing = 0;
			shellPath = /bin/sh;
			shellScript = "diff \"${PODS_ROOT}/../Podfile.lock\" \"${PODS_ROOT}/Manifest.lock\" > /dev/null\nif [ $? != 0 ] ; then\n    # print error to STDERR\n    echo \"error: The sandbox is not in sync with the Podfile.lock. Run 'pod install' or update your CocoaPods installation.\" >&2\n    exit 1\nfi\n";
			showEnvVarsInLog = 0;
		};
		9D5C30A40D3451DE1BAD9FDC /* [CP] Check Pods Manifest.lock */ = {
			isa = PBXShellScriptBuildPhase;
			buildActionMask = 2147483647;
			files = (
			);
			inputPaths = (
			);
			name = "[CP] Check Pods Manifest.lock";
			outputPaths = (
			);
			runOnlyForDeploymentPostprocessing = 0;
			shellPath = /bin/sh;
			shellScript = "diff \"${PODS_ROOT}/../Podfile.lock\" \"${PODS_ROOT}/Manifest.lock\" > /dev/null\nif [ $? != 0 ] ; then\n    # print error to STDERR\n    echo \"error: The sandbox is not in sync with the Podfile.lock. Run 'pod install' or update your CocoaPods installation.\" >&2\n    exit 1\nfi\n";
			showEnvVarsInLog = 0;
		};
		9F6BAFA66DB2ACDFEF866E2D /* [CP] Copy Pods Resources */ = {
			isa = PBXShellScriptBuildPhase;
			buildActionMask = 2147483647;
			files = (
			);
			inputPaths = (
			);
			name = "[CP] Copy Pods Resources";
			outputPaths = (
			);
			runOnlyForDeploymentPostprocessing = 0;
			shellPath = /bin/sh;
			shellScript = "\"${SRCROOT}/Pods/Target Support Files/Pods-Desk UI 2.0/Pods-Desk UI 2.0-resources.sh\"\n";
			showEnvVarsInLog = 0;
		};
		BEB33B123CE67395B352B5F8 /* [CP] Copy Pods Resources */ = {
			isa = PBXShellScriptBuildPhase;
			buildActionMask = 2147483647;
			files = (
			);
			inputPaths = (
			);
			name = "[CP] Copy Pods Resources";
			outputPaths = (
			);
			runOnlyForDeploymentPostprocessing = 0;
			shellPath = /bin/sh;
			shellScript = "\"${SRCROOT}/Pods/Target Support Files/Pods-Desk UI 2.0Tests/Pods-Desk UI 2.0Tests-resources.sh\"\n";
			showEnvVarsInLog = 0;
		};
		C5EB99B89222FC367956FE44 /* [CP] Check Pods Manifest.lock */ = {
			isa = PBXShellScriptBuildPhase;
			buildActionMask = 2147483647;
			files = (
			);
			inputPaths = (
			);
			name = "[CP] Check Pods Manifest.lock";
			outputPaths = (
			);
			runOnlyForDeploymentPostprocessing = 0;
			shellPath = /bin/sh;
			shellScript = "diff \"${PODS_ROOT}/../Podfile.lock\" \"${PODS_ROOT}/Manifest.lock\" > /dev/null\nif [ $? != 0 ] ; then\n    # print error to STDERR\n    echo \"error: The sandbox is not in sync with the Podfile.lock. Run 'pod install' or update your CocoaPods installation.\" >&2\n    exit 1\nfi\n";
			showEnvVarsInLog = 0;
		};
		CC3601D15B76C1A88FF002E4 /* [CP] Embed Pods Frameworks */ = {
			isa = PBXShellScriptBuildPhase;
			buildActionMask = 2147483647;
			files = (
			);
			inputPaths = (
			);
			name = "[CP] Embed Pods Frameworks";
			outputPaths = (
			);
			runOnlyForDeploymentPostprocessing = 0;
			shellPath = /bin/sh;
			shellScript = "\"${SRCROOT}/Pods/Target Support Files/Pods-Desk UI 2.0UITests/Pods-Desk UI 2.0UITests-frameworks.sh\"\n";
			showEnvVarsInLog = 0;
		};
		DB74FF472B8EA06F7C0A1D42 /* [CP] Embed Pods Frameworks */ = {
			isa = PBXShellScriptBuildPhase;
			buildActionMask = 2147483647;
			files = (
			);
			inputPaths = (
			);
			name = "[CP] Embed Pods Frameworks";
			outputPaths = (
			);
			runOnlyForDeploymentPostprocessing = 0;
			shellPath = /bin/sh;
			shellScript = "\"${SRCROOT}/Pods/Target Support Files/Pods-Desk UI 2.0Tests/Pods-Desk UI 2.0Tests-frameworks.sh\"\n";
			showEnvVarsInLog = 0;
		};
		FA3050EA919485BD76B2D169 /* [CP] Copy Pods Resources */ = {
			isa = PBXShellScriptBuildPhase;
			buildActionMask = 2147483647;
			files = (
			);
			inputPaths = (
			);
			name = "[CP] Copy Pods Resources";
			outputPaths = (
			);
			runOnlyForDeploymentPostprocessing = 0;
			shellPath = /bin/sh;
			shellScript = "\"${SRCROOT}/Pods/Target Support Files/Pods-Desk UI 2.0UITests/Pods-Desk UI 2.0UITests-resources.sh\"\n";
			showEnvVarsInLog = 0;
		};
/* End PBXShellScriptBuildPhase section */

/* Begin PBXSourcesBuildPhase section */
		DEB55FE01F53306B00C97268 /* Sources */ = {
			isa = PBXSourcesBuildPhase;
			buildActionMask = 2147483647;
			files = (
				DEF7B7A51F533C6B002C83F6 /* TabViewController.swift in Sources */,
				DEF7B79E1F533118002C83F6 /* Reusable.swift in Sources */,
				DEB55FEA1F53306B00C97268 /* ViewController.swift in Sources */,
				DEF7B7A11F5331EC002C83F6 /* CustomCell.swift in Sources */,
				DEB55FE81F53306B00C97268 /* AppDelegate.swift in Sources */,
				DEF7B7A31F533287002C83F6 /* CustomHeader.swift in Sources */,
			);
			runOnlyForDeploymentPostprocessing = 0;
		};
		DEB55FF41F53306C00C97268 /* Sources */ = {
			isa = PBXSourcesBuildPhase;
			buildActionMask = 2147483647;
			files = (
				DEB55FFD1F53306C00C97268 /* Desk_UI_2_0Tests.swift in Sources */,
			);
			runOnlyForDeploymentPostprocessing = 0;
		};
		DEB55FFF1F53306C00C97268 /* Sources */ = {
			isa = PBXSourcesBuildPhase;
			buildActionMask = 2147483647;
			files = (
				DEB560081F53306C00C97268 /* Desk_UI_2_0UITests.swift in Sources */,
			);
			runOnlyForDeploymentPostprocessing = 0;
		};
/* End PBXSourcesBuildPhase section */

/* Begin PBXTargetDependency section */
		DEB55FFA1F53306C00C97268 /* PBXTargetDependency */ = {
			isa = PBXTargetDependency;
			target = DEB55FE31F53306B00C97268 /* Desk UI 2.0 */;
			targetProxy = DEB55FF91F53306C00C97268 /* PBXContainerItemProxy */;
		};
		DEB560051F53306C00C97268 /* PBXTargetDependency */ = {
			isa = PBXTargetDependency;
			target = DEB55FE31F53306B00C97268 /* Desk UI 2.0 */;
			targetProxy = DEB560041F53306C00C97268 /* PBXContainerItemProxy */;
		};
/* End PBXTargetDependency section */

/* Begin PBXVariantGroup section */
		DEB55FEB1F53306B00C97268 /* Main.storyboard */ = {
			isa = PBXVariantGroup;
			children = (
				DEB55FEC1F53306B00C97268 /* Base */,
			);
			name = Main.storyboard;
			sourceTree = "<group>";
		};
		DEB55FF01F53306B00C97268 /* LaunchScreen.storyboard */ = {
			isa = PBXVariantGroup;
			children = (
				DEB55FF11F53306B00C97268 /* Base */,
			);
			name = LaunchScreen.storyboard;
			sourceTree = "<group>";
		};
/* End PBXVariantGroup section */

/* Begin XCBuildConfiguration section */
		DEB5600A1F53306C00C97268 /* Debug */ = {
			isa = XCBuildConfiguration;
			buildSettings = {
				ALWAYS_SEARCH_USER_PATHS = NO;
				CLANG_ANALYZER_NONNULL = YES;
				CLANG_ANALYZER_NUMBER_OBJECT_CONVERSION = YES_AGGRESSIVE;
				CLANG_CXX_LANGUAGE_STANDARD = "gnu++0x";
				CLANG_CXX_LIBRARY = "libc++";
				CLANG_ENABLE_MODULES = YES;
				CLANG_ENABLE_OBJC_ARC = YES;
				CLANG_WARN_BOOL_CONVERSION = YES;
				CLANG_WARN_CONSTANT_CONVERSION = YES;
				CLANG_WARN_DIRECT_OBJC_ISA_USAGE = YES_ERROR;
				CLANG_WARN_DOCUMENTATION_COMMENTS = YES;
				CLANG_WARN_EMPTY_BODY = YES;
				CLANG_WARN_ENUM_CONVERSION = YES;
				CLANG_WARN_INFINITE_RECURSION = YES;
				CLANG_WARN_INT_CONVERSION = YES;
				CLANG_WARN_OBJC_ROOT_CLASS = YES_ERROR;
				CLANG_WARN_SUSPICIOUS_MOVE = YES;
				CLANG_WARN_UNREACHABLE_CODE = YES;
				CLANG_WARN__DUPLICATE_METHOD_MATCH = YES;
				"CODE_SIGN_IDENTITY[sdk=iphoneos*]" = "iPhone Developer";
				COPY_PHASE_STRIP = NO;
				DEBUG_INFORMATION_FORMAT = dwarf;
				ENABLE_STRICT_OBJC_MSGSEND = YES;
				ENABLE_TESTABILITY = YES;
				GCC_C_LANGUAGE_STANDARD = gnu99;
				GCC_DYNAMIC_NO_PIC = NO;
				GCC_NO_COMMON_BLOCKS = YES;
				GCC_OPTIMIZATION_LEVEL = 0;
				GCC_PREPROCESSOR_DEFINITIONS = (
					"DEBUG=1",
					"$(inherited)",
				);
				GCC_WARN_64_TO_32_BIT_CONVERSION = YES;
				GCC_WARN_ABOUT_RETURN_TYPE = YES_ERROR;
				GCC_WARN_UNDECLARED_SELECTOR = YES;
				GCC_WARN_UNINITIALIZED_AUTOS = YES_AGGRESSIVE;
				GCC_WARN_UNUSED_FUNCTION = YES;
				GCC_WARN_UNUSED_VARIABLE = YES;
				IPHONEOS_DEPLOYMENT_TARGET = 10.3;
				MTL_ENABLE_DEBUG_INFO = YES;
				ONLY_ACTIVE_ARCH = YES;
				SDKROOT = iphoneos;
				SWIFT_ACTIVE_COMPILATION_CONDITIONS = DEBUG;
				SWIFT_OPTIMIZATION_LEVEL = "-Onone";
			};
			name = Debug;
		};
		DEB5600B1F53306C00C97268 /* Release */ = {
			isa = XCBuildConfiguration;
			buildSettings = {
				ALWAYS_SEARCH_USER_PATHS = NO;
				CLANG_ANALYZER_NONNULL = YES;
				CLANG_ANALYZER_NUMBER_OBJECT_CONVERSION = YES_AGGRESSIVE;
				CLANG_CXX_LANGUAGE_STANDARD = "gnu++0x";
				CLANG_CXX_LIBRARY = "libc++";
				CLANG_ENABLE_MODULES = YES;
				CLANG_ENABLE_OBJC_ARC = YES;
				CLANG_WARN_BOOL_CONVERSION = YES;
				CLANG_WARN_CONSTANT_CONVERSION = YES;
				CLANG_WARN_DIRECT_OBJC_ISA_USAGE = YES_ERROR;
				CLANG_WARN_DOCUMENTATION_COMMENTS = YES;
				CLANG_WARN_EMPTY_BODY = YES;
				CLANG_WARN_ENUM_CONVERSION = YES;
				CLANG_WARN_INFINITE_RECURSION = YES;
				CLANG_WARN_INT_CONVERSION = YES;
				CLANG_WARN_OBJC_ROOT_CLASS = YES_ERROR;
				CLANG_WARN_SUSPICIOUS_MOVE = YES;
				CLANG_WARN_UNREACHABLE_CODE = YES;
				CLANG_WARN__DUPLICATE_METHOD_MATCH = YES;
				"CODE_SIGN_IDENTITY[sdk=iphoneos*]" = "iPhone Developer";
				COPY_PHASE_STRIP = NO;
				DEBUG_INFORMATION_FORMAT = "dwarf-with-dsym";
				ENABLE_NS_ASSERTIONS = NO;
				ENABLE_STRICT_OBJC_MSGSEND = YES;
				GCC_C_LANGUAGE_STANDARD = gnu99;
				GCC_NO_COMMON_BLOCKS = YES;
				GCC_WARN_64_TO_32_BIT_CONVERSION = YES;
				GCC_WARN_ABOUT_RETURN_TYPE = YES_ERROR;
				GCC_WARN_UNDECLARED_SELECTOR = YES;
				GCC_WARN_UNINITIALIZED_AUTOS = YES_AGGRESSIVE;
				GCC_WARN_UNUSED_FUNCTION = YES;
				GCC_WARN_UNUSED_VARIABLE = YES;
				IPHONEOS_DEPLOYMENT_TARGET = 10.3;
				MTL_ENABLE_DEBUG_INFO = NO;
				SDKROOT = iphoneos;
				SWIFT_OPTIMIZATION_LEVEL = "-Owholemodule";
				VALIDATE_PRODUCT = YES;
			};
			name = Release;
		};
		DEB5600D1F53306C00C97268 /* Debug */ = {
			isa = XCBuildConfiguration;
			baseConfigurationReference = 9FA165AA029504702297062E /* Pods-Desk UI 2.0.debug.xcconfig */;
			buildSettings = {
				ASSETCATALOG_COMPILER_APPICON_NAME = AppIcon;
				DEVELOPMENT_TEAM = QH78WYZE35;
				INFOPLIST_FILE = "Desk UI 2.0/Info.plist";
				LD_RUNPATH_SEARCH_PATHS = "$(inherited) @executable_path/Frameworks";
				PRODUCT_BUNDLE_IDENTIFIER = "webarch.Desk-UI-2-0";
				PRODUCT_NAME = "$(TARGET_NAME)";
				SWIFT_VERSION = 3.0;
			};
			name = Debug;
		};
		DEB5600E1F53306C00C97268 /* Release */ = {
			isa = XCBuildConfiguration;
			baseConfigurationReference = 2A07991F657C0E80A3CEC745 /* Pods-Desk UI 2.0.release.xcconfig */;
			buildSettings = {
				ASSETCATALOG_COMPILER_APPICON_NAME = AppIcon;
				DEVELOPMENT_TEAM = QH78WYZE35;
				INFOPLIST_FILE = "Desk UI 2.0/Info.plist";
				LD_RUNPATH_SEARCH_PATHS = "$(inherited) @executable_path/Frameworks";
				PRODUCT_BUNDLE_IDENTIFIER = "webarch.Desk-UI-2-0";
				PRODUCT_NAME = "$(TARGET_NAME)";
				SWIFT_VERSION = 3.0;
			};
			name = Release;
		};
		DEB560101F53306C00C97268 /* Debug */ = {
			isa = XCBuildConfiguration;
			baseConfigurationReference = 7B752FE5538DC4C8CCBF5AD4 /* Pods-Desk UI 2.0Tests.debug.xcconfig */;
			buildSettings = {
				ALWAYS_EMBED_SWIFT_STANDARD_LIBRARIES = YES;
				BUNDLE_LOADER = "$(TEST_HOST)";
				DEVELOPMENT_TEAM = QH78WYZE35;
				INFOPLIST_FILE = "Desk UI 2.0Tests/Info.plist";
				LD_RUNPATH_SEARCH_PATHS = "$(inherited) @executable_path/Frameworks @loader_path/Frameworks";
				PRODUCT_BUNDLE_IDENTIFIER = "webarch.Desk-UI-2-0Tests";
				PRODUCT_NAME = "$(TARGET_NAME)";
				SWIFT_VERSION = 3.0;
				TEST_HOST = "$(BUILT_PRODUCTS_DIR)/Desk UI 2.0.app/Desk UI 2.0";
			};
			name = Debug;
		};
		DEB560111F53306C00C97268 /* Release */ = {
			isa = XCBuildConfiguration;
			baseConfigurationReference = DC0BC4F9B3D42D69B8D55618 /* Pods-Desk UI 2.0Tests.release.xcconfig */;
			buildSettings = {
				ALWAYS_EMBED_SWIFT_STANDARD_LIBRARIES = YES;
				BUNDLE_LOADER = "$(TEST_HOST)";
				DEVELOPMENT_TEAM = QH78WYZE35;
				INFOPLIST_FILE = "Desk UI 2.0Tests/Info.plist";
				LD_RUNPATH_SEARCH_PATHS = "$(inherited) @executable_path/Frameworks @loader_path/Frameworks";
				PRODUCT_BUNDLE_IDENTIFIER = "webarch.Desk-UI-2-0Tests";
				PRODUCT_NAME = "$(TARGET_NAME)";
				SWIFT_VERSION = 3.0;
				TEST_HOST = "$(BUILT_PRODUCTS_DIR)/Desk UI 2.0.app/Desk UI 2.0";
			};
			name = Release;
		};
		DEB560131F53306C00C97268 /* Debug */ = {
			isa = XCBuildConfiguration;
			baseConfigurationReference = 055F87114AD5E7402CBC597F /* Pods-Desk UI 2.0UITests.debug.xcconfig */;
			buildSettings = {
				ALWAYS_EMBED_SWIFT_STANDARD_LIBRARIES = YES;
				DEVELOPMENT_TEAM = QH78WYZE35;
				INFOPLIST_FILE = "Desk UI 2.0UITests/Info.plist";
				LD_RUNPATH_SEARCH_PATHS = "$(inherited) @executable_path/Frameworks @loader_path/Frameworks";
				PRODUCT_BUNDLE_IDENTIFIER = "webarch.Desk-UI-2-0UITests";
				PRODUCT_NAME = "$(TARGET_NAME)";
				SWIFT_VERSION = 3.0;
				TEST_TARGET_NAME = "Desk UI 2.0";
			};
			name = Debug;
		};
		DEB560141F53306C00C97268 /* Release */ = {
			isa = XCBuildConfiguration;
			baseConfigurationReference = 079669E8BCBAB7D97E5DC845 /* Pods-Desk UI 2.0UITests.release.xcconfig */;
			buildSettings = {
				ALWAYS_EMBED_SWIFT_STANDARD_LIBRARIES = YES;
				DEVELOPMENT_TEAM = QH78WYZE35;
				INFOPLIST_FILE = "Desk UI 2.0UITests/Info.plist";
				LD_RUNPATH_SEARCH_PATHS = "$(inherited) @executable_path/Frameworks @loader_path/Frameworks";
				PRODUCT_BUNDLE_IDENTIFIER = "webarch.Desk-UI-2-0UITests";
				PRODUCT_NAME = "$(TARGET_NAME)";
				SWIFT_VERSION = 3.0;
				TEST_TARGET_NAME = "Desk UI 2.0";
			};
			name = Release;
		};
/* End XCBuildConfiguration section */

/* Begin XCConfigurationList section */
		DEB55FDF1F53306B00C97268 /* Build configuration list for PBXProject "Desk UI 2.0" */ = {
			isa = XCConfigurationList;
			buildConfigurations = (
				DEB5600A1F53306C00C97268 /* Debug */,
				DEB5600B1F53306C00C97268 /* Release */,
			);
			defaultConfigurationIsVisible = 0;
			defaultConfigurationName = Release;
		};
		DEB5600C1F53306C00C97268 /* Build configuration list for PBXNativeTarget "Desk UI 2.0" */ = {
			isa = XCConfigurationList;
			buildConfigurations = (
				DEB5600D1F53306C00C97268 /* Debug */,
				DEB5600E1F53306C00C97268 /* Release */,
			);
			defaultConfigurationIsVisible = 0;
			defaultConfigurationName = Release;
		};
		DEB5600F1F53306C00C97268 /* Build configuration list for PBXNativeTarget "Desk UI 2.0Tests" */ = {
			isa = XCConfigurationList;
			buildConfigurations = (
				DEB560101F53306C00C97268 /* Debug */,
				DEB560111F53306C00C97268 /* Release */,
			);
			defaultConfigurationIsVisible = 0;
			defaultConfigurationName = Release;
		};
		DEB560121F53306C00C97268 /* Build configuration list for PBXNativeTarget "Desk UI 2.0UITests" */ = {
			isa = XCConfigurationList;
			buildConfigurations = (
				DEB560131F53306C00C97268 /* Debug */,
				DEB560141F53306C00C97268 /* Release */,
			);
			defaultConfigurationIsVisible = 0;
			defaultConfigurationName = Release;
		};
/* End XCConfigurationList section */
	};
	rootObject = DEB55FDC1F53306B00C97268 /* Project object */;
}
